// !$*UTF8*$!
{
	archiveVersion = 1;
	classes = {
	};
	objectVersion = 51;
	objects = {

/* Begin PBXBuildFile section */
		181B03702540BF9A008EBAA2 /* BaseViewController.swift in Sources */ = {isa = PBXBuildFile; fileRef = 181B036F2540BF9A008EBAA2 /* BaseViewController.swift */; };
		181B03732540C071008EBAA2 /* SettingViewController.swift in Sources */ = {isa = PBXBuildFile; fileRef = 181B03722540C071008EBAA2 /* SettingViewController.swift */; };
		182FD51725420972003418AF /* ApiManager.swift in Sources */ = {isa = PBXBuildFile; fileRef = 182FD51625420972003418AF /* ApiManager.swift */; };
		18ECA994254029AA00D3DF56 /* AppDelegate.swift in Sources */ = {isa = PBXBuildFile; fileRef = 18ECA993254029AA00D3DF56 /* AppDelegate.swift */; };
		18ECA996254029AA00D3DF56 /* SceneDelegate.swift in Sources */ = {isa = PBXBuildFile; fileRef = 18ECA995254029AA00D3DF56 /* SceneDelegate.swift */; };
		18ECA998254029AA00D3DF56 /* ViewController.swift in Sources */ = {isa = PBXBuildFile; fileRef = 18ECA997254029AA00D3DF56 /* ViewController.swift */; };
		18ECA99B254029AA00D3DF56 /* Main.storyboard in Resources */ = {isa = PBXBuildFile; fileRef = 18ECA999254029AA00D3DF56 /* Main.storyboard */; };
		18ECA99D254029AC00D3DF56 /* Assets.xcassets in Resources */ = {isa = PBXBuildFile; fileRef = 18ECA99C254029AC00D3DF56 /* Assets.xcassets */; };
		18ECA9A0254029AC00D3DF56 /* LaunchScreen.storyboard in Resources */ = {isa = PBXBuildFile; fileRef = 18ECA99E254029AC00D3DF56 /* LaunchScreen.storyboard */; };
		18ECA9AA2540382E00D3DF56 /* HomeViewController.swift in Sources */ = {isa = PBXBuildFile; fileRef = 18ECA9A92540382E00D3DF56 /* HomeViewController.swift */; };
		18ECA9AF25406ABB00D3DF56 /* Constant.swift in Sources */ = {isa = PBXBuildFile; fileRef = 18ECA9AE25406ABB00D3DF56 /* Constant.swift */; };
		18ECA9B325406AD900D3DF56 /* Helper.swift in Sources */ = {isa = PBXBuildFile; fileRef = 18ECA9B225406AD900D3DF56 /* Helper.swift */; };
		9918F556F5A1C9916871E723 /* Pods_ListNBuyVender.framework in Frameworks */ = {isa = PBXBuildFile; fileRef = 4DB8EE45E5C2AB7B2EBA1C0B /* Pods_ListNBuyVender.framework */; };
/* End PBXBuildFile section */

/* Begin PBXFileReference section */
		181B036F2540BF9A008EBAA2 /* BaseViewController.swift */ = {isa = PBXFileReference; lastKnownFileType = sourcecode.swift; path = BaseViewController.swift; sourceTree = "<group>"; };
		181B03722540C071008EBAA2 /* SettingViewController.swift */ = {isa = PBXFileReference; lastKnownFileType = sourcecode.swift; path = SettingViewController.swift; sourceTree = "<group>"; };
		182FD51625420972003418AF /* ApiManager.swift */ = {isa = PBXFileReference; fileEncoding = 4; lastKnownFileType = sourcecode.swift; path = ApiManager.swift; sourceTree = "<group>"; };
		18ECA990254029AA00D3DF56 /* ListNBuyVender.app */ = {isa = PBXFileReference; explicitFileType = wrapper.application; includeInIndex = 0; path = ListNBuyVender.app; sourceTree = BUILT_PRODUCTS_DIR; };
		18ECA993254029AA00D3DF56 /* AppDelegate.swift */ = {isa = PBXFileReference; lastKnownFileType = sourcecode.swift; path = AppDelegate.swift; sourceTree = "<group>"; };
		18ECA995254029AA00D3DF56 /* SceneDelegate.swift */ = {isa = PBXFileReference; lastKnownFileType = sourcecode.swift; path = SceneDelegate.swift; sourceTree = "<group>"; };
		18ECA997254029AA00D3DF56 /* ViewController.swift */ = {isa = PBXFileReference; lastKnownFileType = sourcecode.swift; path = ViewController.swift; sourceTree = "<group>"; };
		18ECA99A254029AA00D3DF56 /* Base */ = {isa = PBXFileReference; lastKnownFileType = file.storyboard; name = Base; path = Base.lproj/Main.storyboard; sourceTree = "<group>"; };
		18ECA99C254029AC00D3DF56 /* Assets.xcassets */ = {isa = PBXFileReference; lastKnownFileType = folder.assetcatalog; path = Assets.xcassets; sourceTree = "<group>"; };
		18ECA99F254029AC00D3DF56 /* Base */ = {isa = PBXFileReference; lastKnownFileType = file.storyboard; name = Base; path = Base.lproj/LaunchScreen.storyboard; sourceTree = "<group>"; };
		18ECA9A1254029AC00D3DF56 /* Info.plist */ = {isa = PBXFileReference; lastKnownFileType = text.plist.xml; path = Info.plist; sourceTree = "<group>"; };
		18ECA9A92540382E00D3DF56 /* HomeViewController.swift */ = {isa = PBXFileReference; lastKnownFileType = sourcecode.swift; path = HomeViewController.swift; sourceTree = "<group>"; };
		18ECA9AE25406ABB00D3DF56 /* Constant.swift */ = {isa = PBXFileReference; lastKnownFileType = sourcecode.swift; path = Constant.swift; sourceTree = "<group>"; };
		18ECA9B225406AD900D3DF56 /* Helper.swift */ = {isa = PBXFileReference; lastKnownFileType = sourcecode.swift; path = Helper.swift; sourceTree = "<group>"; };
		300CE0AB740AD5A6B68BD8A4 /* Pods-ListNBuyVender.debug.xcconfig */ = {isa = PBXFileReference; includeInIndex = 1; lastKnownFileType = text.xcconfig; name = "Pods-ListNBuyVender.debug.xcconfig"; path = "Target Support Files/Pods-ListNBuyVender/Pods-ListNBuyVender.debug.xcconfig"; sourceTree = "<group>"; };
		4DB8EE45E5C2AB7B2EBA1C0B /* Pods_ListNBuyVender.framework */ = {isa = PBXFileReference; explicitFileType = wrapper.framework; includeInIndex = 0; path = Pods_ListNBuyVender.framework; sourceTree = BUILT_PRODUCTS_DIR; };
		FECA924A2C62820F09D85377 /* Pods-ListNBuyVender.release.xcconfig */ = {isa = PBXFileReference; includeInIndex = 1; lastKnownFileType = text.xcconfig; name = "Pods-ListNBuyVender.release.xcconfig"; path = "Target Support Files/Pods-ListNBuyVender/Pods-ListNBuyVender.release.xcconfig"; sourceTree = "<group>"; };
/* End PBXFileReference section */

/* Begin PBXFrameworksBuildPhase section */
		18ECA98D254029AA00D3DF56 /* Frameworks */ = {
			isa = PBXFrameworksBuildPhase;
			buildActionMask = 2147483647;
			files = (
				9918F556F5A1C9916871E723 /* Pods_ListNBuyVender.framework in Frameworks */,
			);
			runOnlyForDeploymentPostprocessing = 0;
		};
/* End PBXFrameworksBuildPhase section */

/* Begin PBXGroup section */
		182FD51525420932003418AF /* Service */ = {
			isa = PBXGroup;
			children = (
				182FD51625420972003418AF /* ApiManager.swift */,
			);
			path = Service;
			sourceTree = "<group>";
		};
		18ECA987254029AA00D3DF56 = {
			isa = PBXGroup;
			children = (
				182FD51525420932003418AF /* Service */,
				18ECA992254029AA00D3DF56 /* ListNBuyVender */,
				18ECA991254029AA00D3DF56 /* Products */,
				4B65348CE063A21F71F97A4B /* Pods */,
				4C906C480619E98C923336F6 /* Frameworks */,
			);
			sourceTree = "<group>";
		};
		18ECA991254029AA00D3DF56 /* Products */ = {
			isa = PBXGroup;
			children = (
				18ECA990254029AA00D3DF56 /* ListNBuyVender.app */,
			);
			name = Products;
			sourceTree = "<group>";
		};
		18ECA992254029AA00D3DF56 /* ListNBuyVender */ = {
			isa = PBXGroup;
			children = (
				18ECA9AD25406AA300D3DF56 /* Helper */,
				18ECA9A8254037F400D3DF56 /* Views */,
				18ECA993254029AA00D3DF56 /* AppDelegate.swift */,
				18ECA995254029AA00D3DF56 /* SceneDelegate.swift */,
				18ECA997254029AA00D3DF56 /* ViewController.swift */,
				18ECA999254029AA00D3DF56 /* Main.storyboard */,
				18ECA99C254029AC00D3DF56 /* Assets.xcassets */,
				18ECA99E254029AC00D3DF56 /* LaunchScreen.storyboard */,
				18ECA9A1254029AC00D3DF56 /* Info.plist */,
			);
			path = ListNBuyVender;
			sourceTree = "<group>";
		};
		18ECA9A8254037F400D3DF56 /* Views */ = {
			isa = PBXGroup;
			children = (
				18ECA9A92540382E00D3DF56 /* HomeViewController.swift */,
				181B036F2540BF9A008EBAA2 /* BaseViewController.swift */,
				181B03722540C071008EBAA2 /* SettingViewController.swift */,
			);
			path = Views;
			sourceTree = "<group>";
		};
		18ECA9AD25406AA300D3DF56 /* Helper */ = {
			isa = PBXGroup;
			children = (
				18ECA9AE25406ABB00D3DF56 /* Constant.swift */,
				18ECA9B225406AD900D3DF56 /* Helper.swift */,
			);
			path = Helper;
			sourceTree = "<group>";
		};
		4B65348CE063A21F71F97A4B /* Pods */ = {
			isa = PBXGroup;
			children = (
				300CE0AB740AD5A6B68BD8A4 /* Pods-ListNBuyVender.debug.xcconfig */,
				FECA924A2C62820F09D85377 /* Pods-ListNBuyVender.release.xcconfig */,
			);
			path = Pods;
			sourceTree = "<group>";
		};
		4C906C480619E98C923336F6 /* Frameworks */ = {
			isa = PBXGroup;
			children = (
				4DB8EE45E5C2AB7B2EBA1C0B /* Pods_ListNBuyVender.framework */,
			);
			name = Frameworks;
			sourceTree = "<group>";
		};
/* End PBXGroup section */

/* Begin PBXNativeTarget section */
		18ECA98F254029AA00D3DF56 /* ListNBuyVender */ = {
			isa = PBXNativeTarget;
			buildConfigurationList = 18ECA9A4254029AC00D3DF56 /* Build configuration list for PBXNativeTarget "ListNBuyVender" */;
			buildPhases = (
				2CE1AABDA3F0360CADF7F610 /* [CP] Check Pods Manifest.lock */,
				18ECA98C254029AA00D3DF56 /* Sources */,
				18ECA98D254029AA00D3DF56 /* Frameworks */,
				18ECA98E254029AA00D3DF56 /* Resources */,
				C8C60B7951DBFD89C04FDA7C /* [CP] Embed Pods Frameworks */,
			);
			buildRules = (
			);
			dependencies = (
			);
			name = ListNBuyVender;
			productName = ListNBuyVender;
			productReference = 18ECA990254029AA00D3DF56 /* ListNBuyVender.app */;
			productType = "com.apple.product-type.application";
		};
/* End PBXNativeTarget section */

/* Begin PBXProject section */
		18ECA988254029AA00D3DF56 /* Project object */ = {
			isa = PBXProject;
			attributes = {
				LastSwiftUpdateCheck = 1200;
				LastUpgradeCheck = 1200;
				TargetAttributes = {
					18ECA98F254029AA00D3DF56 = {
						CreatedOnToolsVersion = 12.0.1;
					};
				};
			};
			buildConfigurationList = 18ECA98B254029AA00D3DF56 /* Build configuration list for PBXProject "ListNBuyVender" */;
			compatibilityVersion = "Xcode 9.3";
			developmentRegion = en;
			hasScannedForEncodings = 0;
			knownRegions = (
				en,
				Base,
			);
			mainGroup = 18ECA987254029AA00D3DF56;
			productRefGroup = 18ECA991254029AA00D3DF56 /* Products */;
			projectDirPath = "";
			projectRoot = "";
			targets = (
				18ECA98F254029AA00D3DF56 /* ListNBuyVender */,
			);
		};
/* End PBXProject section */

/* Begin PBXResourcesBuildPhase section */
		18ECA98E254029AA00D3DF56 /* Resources */ = {
			isa = PBXResourcesBuildPhase;
			buildActionMask = 2147483647;
			files = (
				18ECA9A0254029AC00D3DF56 /* LaunchScreen.storyboard in Resources */,
				18ECA99D254029AC00D3DF56 /* Assets.xcassets in Resources */,
				18ECA99B254029AA00D3DF56 /* Main.storyboard in Resources */,
			);
			runOnlyForDeploymentPostprocessing = 0;
		};
/* End PBXResourcesBuildPhase section */

/* Begin PBXShellScriptBuildPhase section */
		2CE1AABDA3F0360CADF7F610 /* [CP] Check Pods Manifest.lock */ = {
			isa = PBXShellScriptBuildPhase;
			buildActionMask = 2147483647;
			files = (
			);
			inputFileListPaths = (
			);
			inputPaths = (
				"${PODS_PODFILE_DIR_PATH}/Podfile.lock",
				"${PODS_ROOT}/Manifest.lock",
			);
			name = "[CP] Check Pods Manifest.lock";
			outputFileListPaths = (
			);
			outputPaths = (
				"$(DERIVED_FILE_DIR)/Pods-ListNBuyVender-checkManifestLockResult.txt",
			);
			runOnlyForDeploymentPostprocessing = 0;
			shellPath = /bin/sh;
			shellScript = "diff \"${PODS_PODFILE_DIR_PATH}/Podfile.lock\" \"${PODS_ROOT}/Manifest.lock\" > /dev/null\nif [ $? != 0 ] ; then\n    # print error to STDERR\n    echo \"error: The sandbox is not in sync with the Podfile.lock. Run 'pod install' or update your CocoaPods installation.\" >&2\n    exit 1\nfi\n# This output is used by Xcode 'outputs' to avoid re-running this script phase.\necho \"SUCCESS\" > \"${SCRIPT_OUTPUT_FILE_0}\"\n";
			showEnvVarsInLog = 0;
		};
		C8C60B7951DBFD89C04FDA7C /* [CP] Embed Pods Frameworks */ = {
			isa = PBXShellScriptBuildPhase;
			buildActionMask = 2147483647;
			files = (
			);
			inputFileListPaths = (
				"${PODS_ROOT}/Target Support Files/Pods-ListNBuyVender/Pods-ListNBuyVender-frameworks-${CONFIGURATION}-input-files.xcfilelist",
			);
			name = "[CP] Embed Pods Frameworks";
			outputFileListPaths = (
				"${PODS_ROOT}/Target Support Files/Pods-ListNBuyVender/Pods-ListNBuyVender-frameworks-${CONFIGURATION}-output-files.xcfilelist",
			);
			runOnlyForDeploymentPostprocessing = 0;
			shellPath = /bin/sh;
			shellScript = "\"${PODS_ROOT}/Target Support Files/Pods-ListNBuyVender/Pods-ListNBuyVender-frameworks.sh\"\n";
			showEnvVarsInLog = 0;
		};
/* End PBXShellScriptBuildPhase section */

/* Begin PBXSourcesBuildPhase section */
		18ECA98C254029AA00D3DF56 /* Sources */ = {
			isa = PBXSourcesBuildPhase;
			buildActionMask = 2147483647;
			files = (
				18ECA998254029AA00D3DF56 /* ViewController.swift in Sources */,
				182FD51725420972003418AF /* ApiManager.swift in Sources */,
				18ECA9AA2540382E00D3DF56 /* HomeViewController.swift in Sources */,
				18ECA9AF25406ABB00D3DF56 /* Constant.swift in Sources */,
				181B03732540C071008EBAA2 /* SettingViewController.swift in Sources */,
				18ECA994254029AA00D3DF56 /* AppDelegate.swift in Sources */,
				18ECA996254029AA00D3DF56 /* SceneDelegate.swift in Sources */,
				181B03702540BF9A008EBAA2 /* BaseViewController.swift in Sources */,
				18ECA9B325406AD900D3DF56 /* Helper.swift in Sources */,
			);
			runOnlyForDeploymentPostprocessing = 0;
		};
/* End PBXSourcesBuildPhase section */

/* Begin PBXVariantGroup section */
		18ECA999254029AA00D3DF56 /* Main.storyboard */ = {
			isa = PBXVariantGroup;
			children = (
				18ECA99A254029AA00D3DF56 /* Base */,
			);
			name = Main.storyboard;
			sourceTree = "<group>";
		};
		18ECA99E254029AC00D3DF56 /* LaunchScreen.storyboard */ = {
			isa = PBXVariantGroup;
			children = (
				18ECA99F254029AC00D3DF56 /* Base */,
			);
			name = LaunchScreen.storyboard;
			sourceTree = "<group>";
		};
/* End PBXVariantGroup section */

/* Begin XCBuildConfiguration section */
		18ECA9A2254029AC00D3DF56 /* Debug */ = {
			isa = XCBuildConfiguration;
			buildSettings = {
				ALWAYS_SEARCH_USER_PATHS = NO;
				CLANG_ANALYZER_NONNULL = YES;
				CLANG_ANALYZER_NUMBER_OBJECT_CONVERSION = YES_AGGRESSIVE;
				CLANG_CXX_LANGUAGE_STANDARD = "gnu++14";
				CLANG_CXX_LIBRARY = "libc++";
				CLANG_ENABLE_MODULES = YES;
				CLANG_ENABLE_OBJC_ARC = YES;
				CLANG_ENABLE_OBJC_WEAK = YES;
				CLANG_WARN_BLOCK_CAPTURE_AUTORELEASING = YES;
				CLANG_WARN_BOOL_CONVERSION = YES;
				CLANG_WARN_COMMA = YES;
				CLANG_WARN_CONSTANT_CONVERSION = YES;
				CLANG_WARN_DEPRECATED_OBJC_IMPLEMENTATIONS = YES;
				CLANG_WARN_DIRECT_OBJC_ISA_USAGE = YES_ERROR;
				CLANG_WARN_DOCUMENTATION_COMMENTS = YES;
				CLANG_WARN_EMPTY_BODY = YES;
				CLANG_WARN_ENUM_CONVERSION = YES;
				CLANG_WARN_INFINITE_RECURSION = YES;
				CLANG_WARN_INT_CONVERSION = YES;
				CLANG_WARN_NON_LITERAL_NULL_CONVERSION = YES;
				CLANG_WARN_OBJC_IMPLICIT_RETAIN_SELF = YES;
				CLANG_WARN_OBJC_LITERAL_CONVERSION = YES;
				CLANG_WARN_OBJC_ROOT_CLASS = YES_ERROR;
				CLANG_WARN_QUOTED_INCLUDE_IN_FRAMEWORK_HEADER = YES;
				CLANG_WARN_RANGE_LOOP_ANALYSIS = YES;
				CLANG_WARN_STRICT_PROTOTYPES = YES;
				CLANG_WARN_SUSPICIOUS_MOVE = YES;
				CLANG_WARN_UNGUARDED_AVAILABILITY = YES_AGGRESSIVE;
				CLANG_WARN_UNREACHABLE_CODE = YES;
				CLANG_WARN__DUPLICATE_METHOD_MATCH = YES;
				COPY_PHASE_STRIP = NO;
				DEBUG_INFORMATION_FORMAT = dwarf;
				ENABLE_STRICT_OBJC_MSGSEND = YES;
				ENABLE_TESTABILITY = YES;
				GCC_C_LANGUAGE_STANDARD = gnu11;
				GCC_DYNAMIC_NO_PIC = NO;
				GCC_NO_COMMON_BLOCKS = YES;
				GCC_OPTIMIZATION_LEVEL = 0;
				GCC_PREPROCESSOR_DEFINITIONS = (
					"DEBUG=1",
					"$(inherited)",
				);
				GCC_WARN_64_TO_32_BIT_CONVERSION = YES;
				GCC_WARN_ABOUT_RETURN_TYPE = YES_ERROR;
				GCC_WARN_UNDECLARED_SELECTOR = YES;
				GCC_WARN_UNINITIALIZED_AUTOS = YES_AGGRESSIVE;
				GCC_WARN_UNUSED_FUNCTION = YES;
				GCC_WARN_UNUSED_VARIABLE = YES;
				IPHONEOS_DEPLOYMENT_TARGET = 14.0;
				MTL_ENABLE_DEBUG_INFO = INCLUDE_SOURCE;
				MTL_FAST_MATH = YES;
				ONLY_ACTIVE_ARCH = YES;
				SDKROOT = iphoneos;
				SWIFT_ACTIVE_COMPILATION_CONDITIONS = DEBUG;
				SWIFT_OPTIMIZATION_LEVEL = "-Onone";
			};
			name = Debug;
		};
		18ECA9A3254029AC00D3DF56 /* Release */ = {
			isa = XCBuildConfiguration;
			buildSettings = {
				ALWAYS_SEARCH_USER_PATHS = NO;
				CLANG_ANALYZER_NONNULL = YES;
				CLANG_ANALYZER_NUMBER_OBJECT_CONVERSION = YES_AGGRESSIVE;
				CLANG_CXX_LANGUAGE_STANDARD = "gnu++14";
				CLANG_CXX_LIBRARY = "libc++";
				CLANG_ENABLE_MODULES = YES;
				CLANG_ENABLE_OBJC_ARC = YES;
				CLANG_ENABLE_OBJC_WEAK = YES;
				CLANG_WARN_BLOCK_CAPTURE_AUTORELEASING = YES;
				CLANG_WARN_BOOL_CONVERSION = YES;
				CLANG_WARN_COMMA = YES;
				CLANG_WARN_CONSTANT_CONVERSION = YES;
				CLANG_WARN_DEPRECATED_OBJC_IMPLEMENTATIONS = YES;
				CLANG_WARN_DIRECT_OBJC_ISA_USAGE = YES_ERROR;
				CLANG_WARN_DOCUMENTATION_COMMENTS = YES;
				CLANG_WARN_EMPTY_BODY = YES;
				CLANG_WARN_ENUM_CONVERSION = YES;
				CLANG_WARN_INFINITE_RECURSION = YES;
				CLANG_WARN_INT_CONVERSION = YES;
				CLANG_WARN_NON_LITERAL_NULL_CONVERSION = YES;
				CLANG_WARN_OBJC_IMPLICIT_RETAIN_SELF = YES;
				CLANG_WARN_OBJC_LITERAL_CONVERSION = YES;
				CLANG_WARN_OBJC_ROOT_CLASS = YES_ERROR;
				CLANG_WARN_QUOTED_INCLUDE_IN_FRAMEWORK_HEADER = YES;
				CLANG_WARN_RANGE_LOOP_ANALYSIS = YES;
				CLANG_WARN_STRICT_PROTOTYPES = YES;
				CLANG_WARN_SUSPICIOUS_MOVE = YES;
				CLANG_WARN_UNGUARDED_AVAILABILITY = YES_AGGRESSIVE;
				CLANG_WARN_UNREACHABLE_CODE = YES;
				CLANG_WARN__DUPLICATE_METHOD_MATCH = YES;
				COPY_PHASE_STRIP = NO;
				DEBUG_INFORMATION_FORMAT = "dwarf-with-dsym";
				ENABLE_NS_ASSERTIONS = NO;
				ENABLE_STRICT_OBJC_MSGSEND = YES;
				GCC_C_LANGUAGE_STANDARD = gnu11;
				GCC_NO_COMMON_BLOCKS = YES;
				GCC_WARN_64_TO_32_BIT_CONVERSION = YES;
				GCC_WARN_ABOUT_RETURN_TYPE = YES_ERROR;
				GCC_WARN_UNDECLARED_SELECTOR = YES;
				GCC_WARN_UNINITIALIZED_AUTOS = YES_AGGRESSIVE;
				GCC_WARN_UNUSED_FUNCTION = YES;
				GCC_WARN_UNUSED_VARIABLE = YES;
				IPHONEOS_DEPLOYMENT_TARGET = 14.0;
				MTL_ENABLE_DEBUG_INFO = NO;
				MTL_FAST_MATH = YES;
				SDKROOT = iphoneos;
				SWIFT_COMPILATION_MODE = wholemodule;
				SWIFT_OPTIMIZATION_LEVEL = "-O";
				VALIDATE_PRODUCT = YES;
			};
			name = Release;
		};
		18ECA9A5254029AC00D3DF56 /* Debug */ = {
			isa = XCBuildConfiguration;
			baseConfigurationReference = 300CE0AB740AD5A6B68BD8A4 /* Pods-ListNBuyVender.debug.xcconfig */;
			buildSettings = {
				ASSETCATALOG_COMPILER_APPICON_NAME = AppIcon;
				ASSETCATALOG_COMPILER_GLOBAL_ACCENT_COLOR_NAME = AccentColor;
				CODE_SIGN_STYLE = Automatic;
				DEVELOPMENT_TEAM = 5Q6BLC976V;
				INFOPLIST_FILE = ListNBuyVender/Info.plist;
				LD_RUNPATH_SEARCH_PATHS = (
					"$(inherited)",
					"@executable_path/Frameworks",
				);
				PRODUCT_BUNDLE_IDENTIFIER = com.alcyone.ListNBuyVender;
				PRODUCT_NAME = "$(TARGET_NAME)";
				SWIFT_VERSION = 5.0;
				TARGETED_DEVICE_FAMILY = "1,2";
			};
			name = Debug;
		};
		18ECA9A6254029AC00D3DF56 /* Release */ = {
			isa = XCBuildConfiguration;
			baseConfigurationReference = FECA924A2C62820F09D85377 /* Pods-ListNBuyVender.release.xcconfig */;
			buildSettings = {
				ASSETCATALOG_COMPILER_APPICON_NAME = AppIcon;
				ASSETCATALOG_COMPILER_GLOBAL_ACCENT_COLOR_NAME = AccentColor;
				CODE_SIGN_STYLE = Automatic;
				DEVELOPMENT_TEAM = 5Q6BLC976V;
				INFOPLIST_FILE = ListNBuyVender/Info.plist;
				LD_RUNPATH_SEARCH_PATHS = (
					"$(inherited)",
					"@executable_path/Frameworks",
				);
				PRODUCT_BUNDLE_IDENTIFIER = com.alcyone.ListNBuyVender;
				PRODUCT_NAME = "$(TARGET_NAME)";
				SWIFT_VERSION = 5.0;
				TARGETED_DEVICE_FAMILY = "1,2";
			};
			name = Release;
		};
/* End XCBuildConfiguration section */

/* Begin XCConfigurationList section */
		18ECA98B254029AA00D3DF56 /* Build configuration list for PBXProject "ListNBuyVender" */ = {
			isa = XCConfigurationList;
			buildConfigurations = (
				18ECA9A2254029AC00D3DF56 /* Debug */,
				18ECA9A3254029AC00D3DF56 /* Release */,
			);
			defaultConfigurationIsVisible = 0;
			defaultConfigurationName = Release;
		};
		18ECA9A4254029AC00D3DF56 /* Build configuration list for PBXNativeTarget "ListNBuyVender" */ = {
			isa = XCConfigurationList;
			buildConfigurations = (
				18ECA9A5254029AC00D3DF56 /* Debug */,
				18ECA9A6254029AC00D3DF56 /* Release */,
			);
			defaultConfigurationIsVisible = 0;
			defaultConfigurationName = Release;
		};
/* End XCConfigurationList section */
	};
	rootObject = 18ECA988254029AA00D3DF56 /* Project object */;
}
