PODS:
  - Alamofire (5.2.1)
  - IQKeyboardManagerSwift (6.5.6)
  - LPSnackbar (3.1.0)
  - SVProgressHUD (2.2.5)
  - SwiftyJSON (5.0.0)
  - SwipeMenuViewController (4.1.0)

DEPENDENCIES:
  - Alamofire (~> 5.2)
  - IQKeyboardManagerSwift
  - LPSnackbar
  - SVProgressHUD
  - SwiftyJSON
  - SwipeMenuViewController

SPEC REPOS:
  trunk:
    - Alamofire
    - IQKeyboardManagerSwift
    - LPSnackbar
    - SVProgressHUD
    - SwiftyJSON
    - SwipeMenuViewController

SPEC CHECKSUMS:
  Alamofire: e911732990610fe89af59ac0077f923d72dc3dfd
  IQKeyboardManagerSwift: c7df9d2deb356c04522f5c4b7b6e4ce4d8ed94fe
  LPSnackbar: 27311158a371484d51fa5eace8bbe7a08eaddcfa
  SVProgressHUD: 1428aafac632c1f86f62aa4243ec12008d7a51d6
  SwiftyJSON: 36413e04c44ee145039d332b4f4e2d3e8d6c4db7
  SwipeMenuViewController: 94fac81cc192d9f08f218fe4c0c853569b735e1f

PODFILE CHECKSUM: 9a9c58facdab311cc902ebaa8dae8ad3a228e470

COCOAPODS: 1.9.1
